{
  "object": {
    "pins": [
      {
        "package": "Promises",
        "repositoryURL": "https://github.com/google/promises.git",
        "state": {
          "branch": null,
          "revision": "c1cb64f773b2cb340adeb1fe1b027fe29ad5dcdd",
          "version": "1.2.7"
        }
      }
    ]
  },
  "version": 1
}
